Microsoft Visual Studio Solution File, Format Version 12.00
# Visual Studio Version 17
VisualStudioVersion = 17.5.2.0
MinimumVisualStudioVersion = 10.0.40219.1
Project("{FAE04EC0-301F-11D3-BF4B-00C04F79EFBC}") = "EmployeeWage", "EmployeeWage.csproj", "{37792972-9FFD-5734-BE8D-40E8D8463A46}"
EndProject
Global
	GlobalSection(SolutionConfigurationPlatforms) = preSolution
		Debug|Any CPU = Debug|Any CPU
		Release|Any CPU = Release|Any CPU
	EndGlobalSection
	GlobalSection(ProjectConfigurationPlatforms) = postSolution
		{37792972-9FFD-5734-BE8D-40E8D8463A46}.Debug|Any CPU.ActiveCfg = Debug|Any CPU
		{37792972-9FFD-5734-BE8D-40E8D8463A46}.Debug|Any CPU.Build.0 = Debug|Any CPU
		{37792972-9FFD-5734-BE8D-40E8D8463A46}.Release|Any CPU.ActiveCfg = Release|Any CPU
		{37792972-9FFD-5734-BE8D-40E8D8463A46}.Release|Any CPU.Build.0 = Release|Any CPU
	EndGlobalSection
	GlobalSection(SolutionProperties) = preSolution
		HideSolutionNode = FALSE
	EndGlobalSection
	GlobalSection(ExtensibilityGlobals) = postSolution
		SolutionGuid = {89EB5910-0E9E-4B73-89C6-90B935BB396F}
	EndGlobalSection
EndGlobal
