
Microsoft Visual Studio Solution File, Format Version 12.00
# Visual Studio Version 17
VisualStudioVersion = 17.0.31903.59
MinimumVisualStudioVersion = 10.0.40219.1
Project("{FAE04EC0-301F-11D3-BF4B-00C04F79EFBC}") = "CalculatorApp", "CalculatorApp\CalculatorApp.csproj", "{ADC740C6-463E-496E-8372-6FF0A8ABB10A}"
EndProject
Project("{FAE04EC0-301F-11D3-BF4B-00C04F79EFBC}") = "CalculatorAppTests", "CalculatorAppTests\CalculatorAppTests.csproj", "{DF0FAB29-161C-4F6C-B928-AA5EB230C624}"
EndProject
Global
	GlobalSection(SolutionConfigurationPlatforms) = preSolution
		Debug|Any CPU = Debug|Any CPU
		Debug|x64 = Debug|x64
		Debug|x86 = Debug|x86
		Release|Any CPU = Release|Any CPU
		Release|x64 = Release|x64
		Release|x86 = Release|x86
	EndGlobalSection
	GlobalSection(ProjectConfigurationPlatforms) = postSolution
		{ADC740C6-463E-496E-8372-6FF0A8ABB10A}.Debug|Any CPU.ActiveCfg = Debug|Any CPU
		{ADC740C6-463E-496E-8372-6FF0A8ABB10A}.Debug|Any CPU.Build.0 = Debug|Any CPU
		{ADC740C6-463E-496E-8372-6FF0A8ABB10A}.Debug|x64.ActiveCfg = Debug|Any CPU
		{ADC740C6-463E-496E-8372-6FF0A8ABB10A}.Debug|x64.Build.0 = Debug|Any CPU
		{ADC740C6-463E-496E-8372-6FF0A8ABB10A}.Debug|x86.ActiveCfg = Debug|Any CPU
		{ADC740C6-463E-496E-8372-6FF0A8ABB10A}.Debug|x86.Build.0 = Debug|Any CPU
		{ADC740C6-463E-496E-8372-6FF0A8ABB10A}.Release|Any CPU.ActiveCfg = Release|Any CPU
		{ADC740C6-463E-496E-8372-6FF0A8ABB10A}.Release|Any CPU.Build.0 = Release|Any CPU
		{ADC740C6-463E-496E-8372-6FF0A8ABB10A}.Release|x64.ActiveCfg = Release|Any CPU
		{ADC740C6-463E-496E-8372-6FF0A8ABB10A}.Release|x64.Build.0 = Release|Any CPU
		{ADC740C6-463E-496E-8372-6FF0A8ABB10A}.Release|x86.ActiveCfg = Release|Any CPU
		{ADC740C6-463E-496E-8372-6FF0A8ABB10A}.Release|x86.Build.0 = Release|Any CPU
		{DF0FAB29-161C-4F6C-B928-AA5EB230C624}.Debug|Any CPU.ActiveCfg = Debug|Any CPU
		{DF0FAB29-161C-4F6C-B928-AA5EB230C624}.Debug|Any CPU.Build.0 = Debug|Any CPU
		{DF0FAB29-161C-4F6C-B928-AA5EB230C624}.Debug|x64.ActiveCfg = Debug|Any CPU
		{DF0FAB29-161C-4F6C-B928-AA5EB230C624}.Debug|x64.Build.0 = Debug|Any CPU
		{DF0FAB29-161C-4F6C-B928-AA5EB230C624}.Debug|x86.ActiveCfg = Debug|Any CPU
		{DF0FAB29-161C-4F6C-B928-AA5EB230C624}.Debug|x86.Build.0 = Debug|Any CPU
		{DF0FAB29-161C-4F6C-B928-AA5EB230C624}.Release|Any CPU.ActiveCfg = Release|Any CPU
		{DF0FAB29-161C-4F6C-B928-AA5EB230C624}.Release|Any CPU.Build.0 = Release|Any CPU
		{DF0FAB29-161C-4F6C-B928-AA5EB230C624}.Release|x64.ActiveCfg = Release|Any CPU
		{DF0FAB29-161C-4F6C-B928-AA5EB230C624}.Release|x64.Build.0 = Release|Any CPU
		{DF0FAB29-161C-4F6C-B928-AA5EB230C624}.Release|x86.ActiveCfg = Release|Any CPU
		{DF0FAB29-161C-4F6C-B928-AA5EB230C624}.Release|x86.Build.0 = Release|Any CPU
	EndGlobalSection
	GlobalSection(SolutionProperties) = preSolution
		HideSolutionNode = FALSE
	EndGlobalSection
EndGlobal
